
Microsoft Visual Studio Solution File, Format Version 12.00
# Visual Studio Version 17
VisualStudioVersion = 17.0.32014.148
MinimumVisualStudioVersion = 10.0.40219.1
Project("{FAE04EC0-301F-11D3-BF4B-00C04F79EFBC}") = "WebAPI", "WebAPI\WebAPI.csproj", "{7C39B048-BB5F-4172-821A-1DCE7B49A26E}"
EndProject
Project("{FAE04EC0-301F-11D3-BF4B-00C04F79EFBC}") = "MuresanDenisa_Lab12.Android", "MuresanDenisa_Lab12\MuresanDenisa_Lab12.Android\MuresanDenisa_Lab12.Android.csproj", "{F710BE21-5FFB-48EE-A974-A26D292E514A}"
EndProject
Project("{FAE04EC0-301F-11D3-BF4B-00C04F79EFBC}") = "MuresanDenisa_Lab12.iOS", "MuresanDenisa_Lab12\MuresanDenisa_Lab12.iOS\MuresanDenisa_Lab12.iOS.csproj", "{8CE6F112-F539-4297-924D-E7AF1C57D62D}"
EndProject
Project("{FAE04EC0-301F-11D3-BF4B-00C04F79EFBC}") = "MuresanDenisa_Lab12", "MuresanDenisa_Lab12\MuresanDenisa_Lab12\MuresanDenisa_Lab12.csproj", "{4BEC1872-4C63-4065-963A-0BBD02F3675C}"
EndProject
Global
	GlobalSection(SolutionConfigurationPlatforms) = preSolution
		Debug|Any CPU = Debug|Any CPU
		Debug|iPhone = Debug|iPhone
		Debug|iPhoneSimulator = Debug|iPhoneSimulator
		Release|Any CPU = Release|Any CPU
		Release|iPhone = Release|iPhone
		Release|iPhoneSimulator = Release|iPhoneSimulator
	EndGlobalSection
	GlobalSection(ProjectConfigurationPlatforms) = postSolution
		{7C39B048-BB5F-4172-821A-1DCE7B49A26E}.Debug|Any CPU.ActiveCfg = Debug|Any CPU
		{7C39B048-BB5F-4172-821A-1DCE7B49A26E}.Debug|Any CPU.Build.0 = Debug|Any CPU
		{7C39B048-BB5F-4172-821A-1DCE7B49A26E}.Debug|iPhone.ActiveCfg = Debug|Any CPU
		{7C39B048-BB5F-4172-821A-1DCE7B49A26E}.Debug|iPhone.Build.0 = Debug|Any CPU
		{7C39B048-BB5F-4172-821A-1DCE7B49A26E}.Debug|iPhoneSimulator.ActiveCfg = Debug|Any CPU
		{7C39B048-BB5F-4172-821A-1DCE7B49A26E}.Debug|iPhoneSimulator.Build.0 = Debug|Any CPU
		{7C39B048-BB5F-4172-821A-1DCE7B49A26E}.Release|Any CPU.ActiveCfg = Release|Any CPU
		{7C39B048-BB5F-4172-821A-1DCE7B49A26E}.Release|Any CPU.Build.0 = Release|Any CPU
		{7C39B048-BB5F-4172-821A-1DCE7B49A26E}.Release|iPhone.ActiveCfg = Release|Any CPU
		{7C39B048-BB5F-4172-821A-1DCE7B49A26E}.Release|iPhone.Build.0 = Release|Any CPU
		{7C39B048-BB5F-4172-821A-1DCE7B49A26E}.Release|iPhoneSimulator.ActiveCfg = Release|Any CPU
		{7C39B048-BB5F-4172-821A-1DCE7B49A26E}.Release|iPhoneSimulator.Build.0 = Release|Any CPU
		{F710BE21-5FFB-48EE-A974-A26D292E514A}.Debug|Any CPU.ActiveCfg = Debug|Any CPU
		{F710BE21-5FFB-48EE-A974-A26D292E514A}.Debug|Any CPU.Build.0 = Debug|Any CPU
		{F710BE21-5FFB-48EE-A974-A26D292E514A}.Debug|Any CPU.Deploy.0 = Debug|Any CPU
		{F710BE21-5FFB-48EE-A974-A26D292E514A}.Debug|iPhone.ActiveCfg = Debug|Any CPU
		{F710BE21-5FFB-48EE-A974-A26D292E514A}.Debug|iPhone.Build.0 = Debug|Any CPU
		{F710BE21-5FFB-48EE-A974-A26D292E514A}.Debug|iPhone.Deploy.0 = Debug|Any CPU
		{F710BE21-5FFB-48EE-A974-A26D292E514A}.Debug|iPhoneSimulator.ActiveCfg = Debug|Any CPU
		{F710BE21-5FFB-48EE-A974-A26D292E514A}.Debug|iPhoneSimulator.Build.0 = Debug|Any CPU
		{F710BE21-5FFB-48EE-A974-A26D292E514A}.Debug|iPhoneSimulator.Deploy.0 = Debug|Any CPU
		{F710BE21-5FFB-48EE-A974-A26D292E514A}.Release|Any CPU.ActiveCfg = Release|Any CPU
		{F710BE21-5FFB-48EE-A974-A26D292E514A}.Release|Any CPU.Build.0 = Release|Any CPU
		{F710BE21-5FFB-48EE-A974-A26D292E514A}.Release|Any CPU.Deploy.0 = Release|Any CPU
		{F710BE21-5FFB-48EE-A974-A26D292E514A}.Release|iPhone.ActiveCfg = Release|Any CPU
		{F710BE21-5FFB-48EE-A974-A26D292E514A}.Release|iPhone.Build.0 = Release|Any CPU
		{F710BE21-5FFB-48EE-A974-A26D292E514A}.Release|iPhone.Deploy.0 = Release|Any CPU
		{F710BE21-5FFB-48EE-A974-A26D292E514A}.Release|iPhoneSimulator.ActiveCfg = Release|Any CPU
		{F710BE21-5FFB-48EE-A974-A26D292E514A}.Release|iPhoneSimulator.Build.0 = Release|Any CPU
		{F710BE21-5FFB-48EE-A974-A26D292E514A}.Release|iPhoneSimulator.Deploy.0 = Release|Any CPU
		{8CE6F112-F539-4297-924D-E7AF1C57D62D}.Debug|Any CPU.ActiveCfg = Debug|iPhoneSimulator
		{8CE6F112-F539-4297-924D-E7AF1C57D62D}.Debug|Any CPU.Build.0 = Debug|iPhoneSimulator
		{8CE6F112-F539-4297-924D-E7AF1C57D62D}.Debug|iPhone.ActiveCfg = Debug|iPhone
		{8CE6F112-F539-4297-924D-E7AF1C57D62D}.Debug|iPhone.Build.0 = Debug|iPhone
		{8CE6F112-F539-4297-924D-E7AF1C57D62D}.Debug|iPhoneSimulator.ActiveCfg = Debug|iPhoneSimulator
		{8CE6F112-F539-4297-924D-E7AF1C57D62D}.Debug|iPhoneSimulator.Build.0 = Debug|iPhoneSimulator
		{8CE6F112-F539-4297-924D-E7AF1C57D62D}.Release|Any CPU.ActiveCfg = Release|iPhoneSimulator
		{8CE6F112-F539-4297-924D-E7AF1C57D62D}.Release|Any CPU.Build.0 = Release|iPhoneSimulator
		{8CE6F112-F539-4297-924D-E7AF1C57D62D}.Release|iPhone.ActiveCfg = Release|iPhone
		{8CE6F112-F539-4297-924D-E7AF1C57D62D}.Release|iPhone.Build.0 = Release|iPhone
		{8CE6F112-F539-4297-924D-E7AF1C57D62D}.Release|iPhoneSimulator.ActiveCfg = Release|iPhoneSimulator
		{8CE6F112-F539-4297-924D-E7AF1C57D62D}.Release|iPhoneSimulator.Build.0 = Release|iPhoneSimulator
		{4BEC1872-4C63-4065-963A-0BBD02F3675C}.Debug|Any CPU.ActiveCfg = Debug|Any CPU
		{4BEC1872-4C63-4065-963A-0BBD02F3675C}.Debug|Any CPU.Build.0 = Debug|Any CPU
		{4BEC1872-4C63-4065-963A-0BBD02F3675C}.Debug|iPhone.ActiveCfg = Debug|Any CPU
		{4BEC1872-4C63-4065-963A-0BBD02F3675C}.Debug|iPhone.Build.0 = Debug|Any CPU
		{4BEC1872-4C63-4065-963A-0BBD02F3675C}.Debug|iPhoneSimulator.ActiveCfg = Debug|Any CPU
		{4BEC1872-4C63-4065-963A-0BBD02F3675C}.Debug|iPhoneSimulator.Build.0 = Debug|Any CPU
		{4BEC1872-4C63-4065-963A-0BBD02F3675C}.Release|Any CPU.ActiveCfg = Release|Any CPU
		{4BEC1872-4C63-4065-963A-0BBD02F3675C}.Release|Any CPU.Build.0 = Release|Any CPU
		{4BEC1872-4C63-4065-963A-0BBD02F3675C}.Release|iPhone.ActiveCfg = Release|Any CPU
		{4BEC1872-4C63-4065-963A-0BBD02F3675C}.Release|iPhone.Build.0 = Release|Any CPU
		{4BEC1872-4C63-4065-963A-0BBD02F3675C}.Release|iPhoneSimulator.ActiveCfg = Release|Any CPU
		{4BEC1872-4C63-4065-963A-0BBD02F3675C}.Release|iPhoneSimulator.Build.0 = Release|Any CPU
	EndGlobalSection
	GlobalSection(SolutionProperties) = preSolution
		HideSolutionNode = FALSE
	EndGlobalSection
	GlobalSection(ExtensibilityGlobals) = postSolution
		SolutionGuid = {79BF8009-1EB5-4253-8C0F-2E46E5F3B45B}
	EndGlobalSection
EndGlobal
